// !$*UTF8*$!
{
	archiveVersion = 1;
	classes = {
	};
	objectVersion = 56;
	objects = {

/* Begin PBXBuildFile section */
		9080701D2B6B55F600240858 /* AddEmployeeView.swift in Sources */ = {isa = PBXBuildFile; fileRef = 9080701C2B6B55F600240858 /* AddEmployeeView.swift */; };
		9080701F2B6B5B6200240858 /* EmployeeDetailsView.swift in Sources */ = {isa = PBXBuildFile; fileRef = 9080701E2B6B5B6200240858 /* EmployeeDetailsView.swift */; };
		908070212B6B5D3F00240858 /* ApiFetching.swift in Sources */ = {isa = PBXBuildFile; fileRef = 908070202B6B5D3F00240858 /* ApiFetching.swift */; };
		908070232B6B5DB300240858 /* ApiCreating.swift in Sources */ = {isa = PBXBuildFile; fileRef = 908070222B6B5DB300240858 /* ApiCreating.swift */; };
		908070252B6B5DE100240858 /* ApiUpdating.swift in Sources */ = {isa = PBXBuildFile; fileRef = 908070242B6B5DE100240858 /* ApiUpdating.swift */; };
		908070272B6B5DF500240858 /* ApiDeleting.swift in Sources */ = {isa = PBXBuildFile; fileRef = 908070262B6B5DF500240858 /* ApiDeleting.swift */; };
		9080702A2B6B5ED800240858 /* AbstractApi.swift in Sources */ = {isa = PBXBuildFile; fileRef = 908070292B6B5ED800240858 /* AbstractApi.swift */; };
		9080702C2B6B608200240858 /* EmployeeViewModel.swift in Sources */ = {isa = PBXBuildFile; fileRef = 9080702B2B6B608200240858 /* EmployeeViewModel.swift */; };
		9080702E2B6BEAD500240858 /* IdentityView.swift in Sources */ = {isa = PBXBuildFile; fileRef = 9080702D2B6BEAD500240858 /* IdentityView.swift */; };
		908070312B6BEDA400240858 /* UIScreen+Extensions.swift in Sources */ = {isa = PBXBuildFile; fileRef = 908070302B6BEDA400240858 /* UIScreen+Extensions.swift */; };
		908070352B6BF9CD00240858 /* DetailsView.swift in Sources */ = {isa = PBXBuildFile; fileRef = 908070342B6BF9CD00240858 /* DetailsView.swift */; };
		908070392B6C002A00240858 /* NameCell.swift in Sources */ = {isa = PBXBuildFile; fileRef = 908070382B6C002A00240858 /* NameCell.swift */; };
		9080703B2B6C01C400240858 /* AgeCell.swift in Sources */ = {isa = PBXBuildFile; fileRef = 9080703A2B6C01C400240858 /* AgeCell.swift */; };
		9080703D2B6C046900240858 /* SalaryCell.swift in Sources */ = {isa = PBXBuildFile; fileRef = 9080703C2B6C046900240858 /* SalaryCell.swift */; };
		908070412B6C131F00240858 /* InputField.swift in Sources */ = {isa = PBXBuildFile; fileRef = 908070402B6C131F00240858 /* InputField.swift */; };
		908070452B6C1FF600240858 /* AddEmployeeDao.swift in Sources */ = {isa = PBXBuildFile; fileRef = 908070442B6C1FF600240858 /* AddEmployeeDao.swift */; };
		908070472B6C2E8600240858 /* Api+Employees+Delete.swift in Sources */ = {isa = PBXBuildFile; fileRef = 908070462B6C2E8600240858 /* Api+Employees+Delete.swift */; };
		90F5264E2B6AFFC000A27C7E /* CoolContactsApp.swift in Sources */ = {isa = PBXBuildFile; fileRef = 90F5264D2B6AFFC000A27C7E /* CoolContactsApp.swift */; };
		90F526522B6AFFC300A27C7E /* Assets.xcassets in Resources */ = {isa = PBXBuildFile; fileRef = 90F526512B6AFFC300A27C7E /* Assets.xcassets */; };
		90F526552B6AFFC300A27C7E /* Preview Assets.xcassets in Resources */ = {isa = PBXBuildFile; fileRef = 90F526542B6AFFC300A27C7E /* Preview Assets.xcassets */; };
		90F5265F2B6AFFC300A27C7E /* CoolContactsTests.swift in Sources */ = {isa = PBXBuildFile; fileRef = 90F5265E2B6AFFC300A27C7E /* CoolContactsTests.swift */; };
		90F526692B6AFFC300A27C7E /* CoolContactsUITests.swift in Sources */ = {isa = PBXBuildFile; fileRef = 90F526682B6AFFC300A27C7E /* CoolContactsUITests.swift */; };
		90F5266B2B6AFFC300A27C7E /* CoolContactsUITestsLaunchTests.swift in Sources */ = {isa = PBXBuildFile; fileRef = 90F5266A2B6AFFC300A27C7E /* CoolContactsUITestsLaunchTests.swift */; };
		90F5267D2B6B00E600A27C7E /* Api.swift in Sources */ = {isa = PBXBuildFile; fileRef = 90F5267C2B6B00E600A27C7E /* Api.swift */; };
		90F526822B6B028A00A27C7E /* Api+Employees+Fetch.swift in Sources */ = {isa = PBXBuildFile; fileRef = 90F526812B6B028A00A27C7E /* Api+Employees+Fetch.swift */; };
		90F526842B6B02CE00A27C7E /* Api+Employees+Create.swift in Sources */ = {isa = PBXBuildFile; fileRef = 90F526832B6B02CE00A27C7E /* Api+Employees+Create.swift */; };
		90F526862B6B02FD00A27C7E /* Api+Employees+Update.swift in Sources */ = {isa = PBXBuildFile; fileRef = 90F526852B6B02FD00A27C7E /* Api+Employees+Update.swift */; };
		90F526892B6B034E00A27C7E /* Employee.swift in Sources */ = {isa = PBXBuildFile; fileRef = 90F526882B6B034E00A27C7E /* Employee.swift */; };
		90F5268C2B6B048B00A27C7E /* EmployeeDAO.swift in Sources */ = {isa = PBXBuildFile; fileRef = 90F5268B2B6B048B00A27C7E /* EmployeeDAO.swift */; };
		90F5268E2B6B065200A27C7E /* EmployeesResponseDAO.swift in Sources */ = {isa = PBXBuildFile; fileRef = 90F5268D2B6B065200A27C7E /* EmployeesResponseDAO.swift */; };
		90F526912B6B076700A27C7E /* NetworkingError.swift in Sources */ = {isa = PBXBuildFile; fileRef = 90F526902B6B076700A27C7E /* NetworkingError.swift */; };
		90F526932B6B18F100A27C7E /* EmployeeResponseDAO.swift in Sources */ = {isa = PBXBuildFile; fileRef = 90F526922B6B18F100A27C7E /* EmployeeResponseDAO.swift */; };
		90F526952B6B237800A27C7E /* EmployeesView.swift in Sources */ = {isa = PBXBuildFile; fileRef = 90F526942B6B237800A27C7E /* EmployeesView.swift */; };
		90F526972B6B23B800A27C7E /* AllEmployeesViewModel.swift in Sources */ = {isa = PBXBuildFile; fileRef = 90F526962B6B23B800A27C7E /* AllEmployeesViewModel.swift */; };
		90F526992B6B37CD00A27C7E /* EmployeeCell.swift in Sources */ = {isa = PBXBuildFile; fileRef = 90F526982B6B37CD00A27C7E /* EmployeeCell.swift */; };
/* End PBXBuildFile section */

/* Begin PBXContainerItemProxy section */
		90F5265B2B6AFFC300A27C7E /* PBXContainerItemProxy */ = {
			isa = PBXContainerItemProxy;
			containerPortal = 90F526422B6AFFC000A27C7E /* Project object */;
			proxyType = 1;
			remoteGlobalIDString = 90F526492B6AFFC000A27C7E;
			remoteInfo = CoolContacts;
		};
		90F526652B6AFFC300A27C7E /* PBXContainerItemProxy */ = {
			isa = PBXContainerItemProxy;
			containerPortal = 90F526422B6AFFC000A27C7E /* Project object */;
			proxyType = 1;
			remoteGlobalIDString = 90F526492B6AFFC000A27C7E;
			remoteInfo = CoolContacts;
		};
/* End PBXContainerItemProxy section */

/* Begin PBXFileReference section */
		9080701C2B6B55F600240858 /* AddEmployeeView.swift */ = {isa = PBXFileReference; lastKnownFileType = sourcecode.swift; path = AddEmployeeView.swift; sourceTree = "<group>"; };
		9080701E2B6B5B6200240858 /* EmployeeDetailsView.swift */ = {isa = PBXFileReference; lastKnownFileType = sourcecode.swift; path = EmployeeDetailsView.swift; sourceTree = "<group>"; };
		908070202B6B5D3F00240858 /* ApiFetching.swift */ = {isa = PBXFileReference; lastKnownFileType = sourcecode.swift; path = ApiFetching.swift; sourceTree = "<group>"; };
		908070222B6B5DB300240858 /* ApiCreating.swift */ = {isa = PBXFileReference; lastKnownFileType = sourcecode.swift; path = ApiCreating.swift; sourceTree = "<group>"; };
		908070242B6B5DE100240858 /* ApiUpdating.swift */ = {isa = PBXFileReference; lastKnownFileType = sourcecode.swift; path = ApiUpdating.swift; sourceTree = "<group>"; };
		908070262B6B5DF500240858 /* ApiDeleting.swift */ = {isa = PBXFileReference; lastKnownFileType = sourcecode.swift; path = ApiDeleting.swift; sourceTree = "<group>"; };
		908070292B6B5ED800240858 /* AbstractApi.swift */ = {isa = PBXFileReference; lastKnownFileType = sourcecode.swift; path = AbstractApi.swift; sourceTree = "<group>"; };
		9080702B2B6B608200240858 /* EmployeeViewModel.swift */ = {isa = PBXFileReference; lastKnownFileType = sourcecode.swift; path = EmployeeViewModel.swift; sourceTree = "<group>"; };
		9080702D2B6BEAD500240858 /* IdentityView.swift */ = {isa = PBXFileReference; lastKnownFileType = sourcecode.swift; path = IdentityView.swift; sourceTree = "<group>"; };
		908070302B6BEDA400240858 /* UIScreen+Extensions.swift */ = {isa = PBXFileReference; lastKnownFileType = sourcecode.swift; path = "UIScreen+Extensions.swift"; sourceTree = "<group>"; };
		908070342B6BF9CD00240858 /* DetailsView.swift */ = {isa = PBXFileReference; lastKnownFileType = sourcecode.swift; path = DetailsView.swift; sourceTree = "<group>"; };
		908070382B6C002A00240858 /* NameCell.swift */ = {isa = PBXFileReference; lastKnownFileType = sourcecode.swift; path = NameCell.swift; sourceTree = "<group>"; };
		9080703A2B6C01C400240858 /* AgeCell.swift */ = {isa = PBXFileReference; lastKnownFileType = sourcecode.swift; path = AgeCell.swift; sourceTree = "<group>"; };
		9080703C2B6C046900240858 /* SalaryCell.swift */ = {isa = PBXFileReference; lastKnownFileType = sourcecode.swift; path = SalaryCell.swift; sourceTree = "<group>"; };
		908070402B6C131F00240858 /* InputField.swift */ = {isa = PBXFileReference; lastKnownFileType = sourcecode.swift; path = InputField.swift; sourceTree = "<group>"; };
		908070442B6C1FF600240858 /* AddEmployeeDao.swift */ = {isa = PBXFileReference; lastKnownFileType = sourcecode.swift; path = AddEmployeeDao.swift; sourceTree = "<group>"; };
		908070462B6C2E8600240858 /* Api+Employees+Delete.swift */ = {isa = PBXFileReference; lastKnownFileType = sourcecode.swift; path = "Api+Employees+Delete.swift"; sourceTree = "<group>"; };
		90F5264A2B6AFFC000A27C7E /* CoolContacts.app */ = {isa = PBXFileReference; explicitFileType = wrapper.application; includeInIndex = 0; path = CoolContacts.app; sourceTree = BUILT_PRODUCTS_DIR; };
		90F5264D2B6AFFC000A27C7E /* CoolContactsApp.swift */ = {isa = PBXFileReference; lastKnownFileType = sourcecode.swift; path = CoolContactsApp.swift; sourceTree = "<group>"; };
		90F526512B6AFFC300A27C7E /* Assets.xcassets */ = {isa = PBXFileReference; lastKnownFileType = folder.assetcatalog; path = Assets.xcassets; sourceTree = "<group>"; };
		90F526542B6AFFC300A27C7E /* Preview Assets.xcassets */ = {isa = PBXFileReference; lastKnownFileType = folder.assetcatalog; path = "Preview Assets.xcassets"; sourceTree = "<group>"; };
		90F5265A2B6AFFC300A27C7E /* CoolContactsTests.xctest */ = {isa = PBXFileReference; explicitFileType = wrapper.cfbundle; includeInIndex = 0; path = CoolContactsTests.xctest; sourceTree = BUILT_PRODUCTS_DIR; };
		90F5265E2B6AFFC300A27C7E /* CoolContactsTests.swift */ = {isa = PBXFileReference; lastKnownFileType = sourcecode.swift; path = CoolContactsTests.swift; sourceTree = "<group>"; };
		90F526642B6AFFC300A27C7E /* CoolContactsUITests.xctest */ = {isa = PBXFileReference; explicitFileType = wrapper.cfbundle; includeInIndex = 0; path = CoolContactsUITests.xctest; sourceTree = BUILT_PRODUCTS_DIR; };
		90F526682B6AFFC300A27C7E /* CoolContactsUITests.swift */ = {isa = PBXFileReference; lastKnownFileType = sourcecode.swift; path = CoolContactsUITests.swift; sourceTree = "<group>"; };
		90F5266A2B6AFFC300A27C7E /* CoolContactsUITestsLaunchTests.swift */ = {isa = PBXFileReference; lastKnownFileType = sourcecode.swift; path = CoolContactsUITestsLaunchTests.swift; sourceTree = "<group>"; };
		90F5267C2B6B00E600A27C7E /* Api.swift */ = {isa = PBXFileReference; lastKnownFileType = sourcecode.swift; path = Api.swift; sourceTree = "<group>"; };
		90F526812B6B028A00A27C7E /* Api+Employees+Fetch.swift */ = {isa = PBXFileReference; lastKnownFileType = sourcecode.swift; path = "Api+Employees+Fetch.swift"; sourceTree = "<group>"; };
		90F526832B6B02CE00A27C7E /* Api+Employees+Create.swift */ = {isa = PBXFileReference; lastKnownFileType = sourcecode.swift; path = "Api+Employees+Create.swift"; sourceTree = "<group>"; };
		90F526852B6B02FD00A27C7E /* Api+Employees+Update.swift */ = {isa = PBXFileReference; lastKnownFileType = sourcecode.swift; path = "Api+Employees+Update.swift"; sourceTree = "<group>"; };
		90F526882B6B034E00A27C7E /* Employee.swift */ = {isa = PBXFileReference; lastKnownFileType = sourcecode.swift; path = Employee.swift; sourceTree = "<group>"; };
		90F5268B2B6B048B00A27C7E /* EmployeeDAO.swift */ = {isa = PBXFileReference; lastKnownFileType = sourcecode.swift; path = EmployeeDAO.swift; sourceTree = "<group>"; };
		90F5268D2B6B065200A27C7E /* EmployeesResponseDAO.swift */ = {isa = PBXFileReference; lastKnownFileType = sourcecode.swift; path = EmployeesResponseDAO.swift; sourceTree = "<group>"; };
		90F526902B6B076700A27C7E /* NetworkingError.swift */ = {isa = PBXFileReference; lastKnownFileType = sourcecode.swift; path = NetworkingError.swift; sourceTree = "<group>"; };
		90F526922B6B18F100A27C7E /* EmployeeResponseDAO.swift */ = {isa = PBXFileReference; lastKnownFileType = sourcecode.swift; path = EmployeeResponseDAO.swift; sourceTree = "<group>"; };
		90F526942B6B237800A27C7E /* EmployeesView.swift */ = {isa = PBXFileReference; lastKnownFileType = sourcecode.swift; path = EmployeesView.swift; sourceTree = "<group>"; };
		90F526962B6B23B800A27C7E /* AllEmployeesViewModel.swift */ = {isa = PBXFileReference; lastKnownFileType = sourcecode.swift; path = AllEmployeesViewModel.swift; sourceTree = "<group>"; };
		90F526982B6B37CD00A27C7E /* EmployeeCell.swift */ = {isa = PBXFileReference; lastKnownFileType = sourcecode.swift; path = EmployeeCell.swift; sourceTree = "<group>"; };
/* End PBXFileReference section */

/* Begin PBXFrameworksBuildPhase section */
		90F526472B6AFFC000A27C7E /* Frameworks */ = {
			isa = PBXFrameworksBuildPhase;
			buildActionMask = 2147483647;
			files = (
			);
			runOnlyForDeploymentPostprocessing = 0;
		};
		90F526572B6AFFC300A27C7E /* Frameworks */ = {
			isa = PBXFrameworksBuildPhase;
			buildActionMask = 2147483647;
			files = (
			);
			runOnlyForDeploymentPostprocessing = 0;
		};
		90F526612B6AFFC300A27C7E /* Frameworks */ = {
			isa = PBXFrameworksBuildPhase;
			buildActionMask = 2147483647;
			files = (
			);
			runOnlyForDeploymentPostprocessing = 0;
		};
/* End PBXFrameworksBuildPhase section */

/* Begin PBXGroup section */
		9080701B2B6B55A600240858 /* Employee */ = {
			isa = PBXGroup;
			children = (
				9080703F2B6C12E400240858 /* AddEmployee */,
				9080703E2B6C05CF00240858 /* Details */,
			);
			name = Employee;
			sourceTree = "<group>";
		};
		908070282B6B5E3900240858 /* Protocols */ = {
			isa = PBXGroup;
			children = (
				908070262B6B5DF500240858 /* ApiDeleting.swift */,
				908070202B6B5D3F00240858 /* ApiFetching.swift */,
				908070222B6B5DB300240858 /* ApiCreating.swift */,
				908070242B6B5DE100240858 /* ApiUpdating.swift */,
				908070292B6B5ED800240858 /* AbstractApi.swift */,
			);
			name = Protocols;
			sourceTree = "<group>";
		};
		9080702F2B6BED8700240858 /* Extensions */ = {
			isa = PBXGroup;
			children = (
				908070302B6BEDA400240858 /* UIScreen+Extensions.swift */,
			);
			name = Extensions;
			sourceTree = "<group>";
		};
		9080703E2B6C05CF00240858 /* Details */ = {
			isa = PBXGroup;
			children = (
				9080701E2B6B5B6200240858 /* EmployeeDetailsView.swift */,
				9080702D2B6BEAD500240858 /* IdentityView.swift */,
				908070342B6BF9CD00240858 /* DetailsView.swift */,
				908070382B6C002A00240858 /* NameCell.swift */,
				9080703A2B6C01C400240858 /* AgeCell.swift */,
				9080703C2B6C046900240858 /* SalaryCell.swift */,
			);
			name = Details;
			sourceTree = "<group>";
		};
		9080703F2B6C12E400240858 /* AddEmployee */ = {
			isa = PBXGroup;
			children = (
				908070402B6C131F00240858 /* InputField.swift */,
				9080701C2B6B55F600240858 /* AddEmployeeView.swift */,
			);
			name = AddEmployee;
			sourceTree = "<group>";
		};
		90F526412B6AFFC000A27C7E = {
			isa = PBXGroup;
			children = (
				90F5264C2B6AFFC000A27C7E /* CoolContacts */,
				90F5265D2B6AFFC300A27C7E /* CoolContactsTests */,
				90F526672B6AFFC300A27C7E /* CoolContactsUITests */,
				90F5264B2B6AFFC000A27C7E /* Products */,
			);
			sourceTree = "<group>";
		};
		90F5264B2B6AFFC000A27C7E /* Products */ = {
			isa = PBXGroup;
			children = (
				90F5264A2B6AFFC000A27C7E /* CoolContacts.app */,
				90F5265A2B6AFFC300A27C7E /* CoolContactsTests.xctest */,
				90F526642B6AFFC300A27C7E /* CoolContactsUITests.xctest */,
			);
			name = Products;
			sourceTree = "<group>";
		};
		90F5264C2B6AFFC000A27C7E /* CoolContacts */ = {
			isa = PBXGroup;
			children = (
				9080702F2B6BED8700240858 /* Extensions */,
				90F5268F2B6B075100A27C7E /* Shared */,
				90F5268A2B6B046100A27C7E /* DAOs */,
				90F526872B6B031400A27C7E /* Models */,
				90F5267B2B6B00C100A27C7E /* Api */,
				90F5267A2B6B00AD00A27C7E /* ViewModels */,
				90F526782B6B006300A27C7E /* Features */,
				90F526772B6B005000A27C7E /* App */,
				90F526532B6AFFC300A27C7E /* Preview Content */,
			);
			path = CoolContacts;
			sourceTree = "<group>";
		};
		90F526532B6AFFC300A27C7E /* Preview Content */ = {
			isa = PBXGroup;
			children = (
				90F526542B6AFFC300A27C7E /* Preview Assets.xcassets */,
			);
			path = "Preview Content";
			sourceTree = "<group>";
		};
		90F5265D2B6AFFC300A27C7E /* CoolContactsTests */ = {
			isa = PBXGroup;
			children = (
				90F5265E2B6AFFC300A27C7E /* CoolContactsTests.swift */,
			);
			path = CoolContactsTests;
			sourceTree = "<group>";
		};
		90F526672B6AFFC300A27C7E /* CoolContactsUITests */ = {
			isa = PBXGroup;
			children = (
				90F526682B6AFFC300A27C7E /* CoolContactsUITests.swift */,
				90F5266A2B6AFFC300A27C7E /* CoolContactsUITestsLaunchTests.swift */,
			);
			path = CoolContactsUITests;
			sourceTree = "<group>";
		};
		90F526772B6B005000A27C7E /* App */ = {
			isa = PBXGroup;
			children = (
				90F5264D2B6AFFC000A27C7E /* CoolContactsApp.swift */,
				90F526512B6AFFC300A27C7E /* Assets.xcassets */,
			);
			name = App;
			sourceTree = "<group>";
		};
		90F526782B6B006300A27C7E /* Features */ = {
			isa = PBXGroup;
			children = (
				9080701B2B6B55A600240858 /* Employee */,
				90F526792B6B009200A27C7E /* All Contacts */,
			);
			name = Features;
			sourceTree = "<group>";
		};
		90F526792B6B009200A27C7E /* All Contacts */ = {
			isa = PBXGroup;
			children = (
				90F526942B6B237800A27C7E /* EmployeesView.swift */,
				90F526982B6B37CD00A27C7E /* EmployeeCell.swift */,
			);
			name = "All Contacts";
			sourceTree = "<group>";
		};
		90F5267A2B6B00AD00A27C7E /* ViewModels */ = {
			isa = PBXGroup;
			children = (
				90F526962B6B23B800A27C7E /* AllEmployeesViewModel.swift */,
				9080702B2B6B608200240858 /* EmployeeViewModel.swift */,
			);
			name = ViewModels;
			sourceTree = "<group>";
		};
		90F5267B2B6B00C100A27C7E /* Api */ = {
			isa = PBXGroup;
			children = (
				908070282B6B5E3900240858 /* Protocols */,
				90F5267C2B6B00E600A27C7E /* Api.swift */,
				90F526812B6B028A00A27C7E /* Api+Employees+Fetch.swift */,
				90F526832B6B02CE00A27C7E /* Api+Employees+Create.swift */,
				90F526852B6B02FD00A27C7E /* Api+Employees+Update.swift */,
				908070462B6C2E8600240858 /* Api+Employees+Delete.swift */,
			);
			name = Api;
			sourceTree = "<group>";
		};
		90F526872B6B031400A27C7E /* Models */ = {
			isa = PBXGroup;
			children = (
				90F526882B6B034E00A27C7E /* Employee.swift */,
			);
			name = Models;
			sourceTree = "<group>";
		};
		90F5268A2B6B046100A27C7E /* DAOs */ = {
			isa = PBXGroup;
			children = (
				90F5268B2B6B048B00A27C7E /* EmployeeDAO.swift */,
				90F5268D2B6B065200A27C7E /* EmployeesResponseDAO.swift */,
				90F526922B6B18F100A27C7E /* EmployeeResponseDAO.swift */,
				908070442B6C1FF600240858 /* AddEmployeeDao.swift */,
			);
			name = DAOs;
			sourceTree = "<group>";
		};
		90F5268F2B6B075100A27C7E /* Shared */ = {
			isa = PBXGroup;
			children = (
				90F526902B6B076700A27C7E /* NetworkingError.swift */,
			);
			name = Shared;
			sourceTree = "<group>";
		};
/* End PBXGroup section */

/* Begin PBXNativeTarget section */
		90F526492B6AFFC000A27C7E /* CoolContacts */ = {
			isa = PBXNativeTarget;
			buildConfigurationList = 90F5266E2B6AFFC300A27C7E /* Build configuration list for PBXNativeTarget "CoolContacts" */;
			buildPhases = (
				90F526462B6AFFC000A27C7E /* Sources */,
				90F526472B6AFFC000A27C7E /* Frameworks */,
				90F526482B6AFFC000A27C7E /* Resources */,
			);
			buildRules = (
			);
			dependencies = (
			);
			name = CoolContacts;
			productName = CoolContacts;
			productReference = 90F5264A2B6AFFC000A27C7E /* CoolContacts.app */;
			productType = "com.apple.product-type.application";
		};
		90F526592B6AFFC300A27C7E /* CoolContactsTests */ = {
			isa = PBXNativeTarget;
			buildConfigurationList = 90F526712B6AFFC300A27C7E /* Build configuration list for PBXNativeTarget "CoolContactsTests" */;
			buildPhases = (
				90F526562B6AFFC300A27C7E /* Sources */,
				90F526572B6AFFC300A27C7E /* Frameworks */,
				90F526582B6AFFC300A27C7E /* Resources */,
			);
			buildRules = (
			);
			dependencies = (
				90F5265C2B6AFFC300A27C7E /* PBXTargetDependency */,
			);
			name = CoolContactsTests;
			productName = CoolContactsTests;
			productReference = 90F5265A2B6AFFC300A27C7E /* CoolContactsTests.xctest */;
			productType = "com.apple.product-type.bundle.unit-test";
		};
		90F526632B6AFFC300A27C7E /* CoolContactsUITests */ = {
			isa = PBXNativeTarget;
			buildConfigurationList = 90F526742B6AFFC300A27C7E /* Build configuration list for PBXNativeTarget "CoolContactsUITests" */;
			buildPhases = (
				90F526602B6AFFC300A27C7E /* Sources */,
				90F526612B6AFFC300A27C7E /* Frameworks */,
				90F526622B6AFFC300A27C7E /* Resources */,
			);
			buildRules = (
			);
			dependencies = (
				90F526662B6AFFC300A27C7E /* PBXTargetDependency */,
			);
			name = CoolContactsUITests;
			productName = CoolContactsUITests;
			productReference = 90F526642B6AFFC300A27C7E /* CoolContactsUITests.xctest */;
			productType = "com.apple.product-type.bundle.ui-testing";
		};
/* End PBXNativeTarget section */

/* Begin PBXProject section */
		90F526422B6AFFC000A27C7E /* Project object */ = {
			isa = PBXProject;
			attributes = {
				BuildIndependentTargetsInParallel = 1;
				LastSwiftUpdateCheck = 1520;
				LastUpgradeCheck = 1520;
				TargetAttributes = {
					90F526492B6AFFC000A27C7E = {
						CreatedOnToolsVersion = 15.2;
					};
					90F526592B6AFFC300A27C7E = {
						CreatedOnToolsVersion = 15.2;
						TestTargetID = 90F526492B6AFFC000A27C7E;
					};
					90F526632B6AFFC300A27C7E = {
						CreatedOnToolsVersion = 15.2;
						TestTargetID = 90F526492B6AFFC000A27C7E;
					};
				};
			};
			buildConfigurationList = 90F526452B6AFFC000A27C7E /* Build configuration list for PBXProject "CoolContacts" */;
			compatibilityVersion = "Xcode 14.0";
			developmentRegion = en;
			hasScannedForEncodings = 0;
			knownRegions = (
				en,
				Base,
			);
			mainGroup = 90F526412B6AFFC000A27C7E;
			productRefGroup = 90F5264B2B6AFFC000A27C7E /* Products */;
			projectDirPath = "";
			projectRoot = "";
			targets = (
				90F526492B6AFFC000A27C7E /* CoolContacts */,
				90F526592B6AFFC300A27C7E /* CoolContactsTests */,
				90F526632B6AFFC300A27C7E /* CoolContactsUITests */,
			);
		};
/* End PBXProject section */

/* Begin PBXResourcesBuildPhase section */
		90F526482B6AFFC000A27C7E /* Resources */ = {
			isa = PBXResourcesBuildPhase;
			buildActionMask = 2147483647;
			files = (
				90F526552B6AFFC300A27C7E /* Preview Assets.xcassets in Resources */,
				90F526522B6AFFC300A27C7E /* Assets.xcassets in Resources */,
			);
			runOnlyForDeploymentPostprocessing = 0;
		};
		90F526582B6AFFC300A27C7E /* Resources */ = {
			isa = PBXResourcesBuildPhase;
			buildActionMask = 2147483647;
			files = (
			);
			runOnlyForDeploymentPostprocessing = 0;
		};
		90F526622B6AFFC300A27C7E /* Resources */ = {
			isa = PBXResourcesBuildPhase;
			buildActionMask = 2147483647;
			files = (
			);
			runOnlyForDeploymentPostprocessing = 0;
		};
/* End PBXResourcesBuildPhase section */

/* Begin PBXSourcesBuildPhase section */
		90F526462B6AFFC000A27C7E /* Sources */ = {
			isa = PBXSourcesBuildPhase;
			buildActionMask = 2147483647;
			files = (
				9080701D2B6B55F600240858 /* AddEmployeeView.swift in Sources */,
				90F5268E2B6B065200A27C7E /* EmployeesResponseDAO.swift in Sources */,
				908070352B6BF9CD00240858 /* DetailsView.swift in Sources */,
				908070412B6C131F00240858 /* InputField.swift in Sources */,
				9080703D2B6C046900240858 /* SalaryCell.swift in Sources */,
				9080701F2B6B5B6200240858 /* EmployeeDetailsView.swift in Sources */,
				908070392B6C002A00240858 /* NameCell.swift in Sources */,
				90F526822B6B028A00A27C7E /* Api+Employees+Fetch.swift in Sources */,
				90F526912B6B076700A27C7E /* NetworkingError.swift in Sources */,
				90F526952B6B237800A27C7E /* EmployeesView.swift in Sources */,
				90F526892B6B034E00A27C7E /* Employee.swift in Sources */,
				90F526862B6B02FD00A27C7E /* Api+Employees+Update.swift in Sources */,
				90F526992B6B37CD00A27C7E /* EmployeeCell.swift in Sources */,
				90F5268C2B6B048B00A27C7E /* EmployeeDAO.swift in Sources */,
				908070252B6B5DE100240858 /* ApiUpdating.swift in Sources */,
				908070232B6B5DB300240858 /* ApiCreating.swift in Sources */,
				90F5267D2B6B00E600A27C7E /* Api.swift in Sources */,
				90F526842B6B02CE00A27C7E /* Api+Employees+Create.swift in Sources */,
				908070272B6B5DF500240858 /* ApiDeleting.swift in Sources */,
				9080703B2B6C01C400240858 /* AgeCell.swift in Sources */,
				90F5264E2B6AFFC000A27C7E /* CoolContactsApp.swift in Sources */,
				908070472B6C2E8600240858 /* Api+Employees+Delete.swift in Sources */,
				908070452B6C1FF600240858 /* AddEmployeeDao.swift in Sources */,
				9080702C2B6B608200240858 /* EmployeeViewModel.swift in Sources */,
				90F526932B6B18F100A27C7E /* EmployeeResponseDAO.swift in Sources */,
				9080702E2B6BEAD500240858 /* IdentityView.swift in Sources */,
				908070212B6B5D3F00240858 /* ApiFetching.swift in Sources */,
				908070312B6BEDA400240858 /* UIScreen+Extensions.swift in Sources */,
				9080702A2B6B5ED800240858 /* AbstractApi.swift in Sources */,
				90F526972B6B23B800A27C7E /* AllEmployeesViewModel.swift in Sources */,
			);
			runOnlyForDeploymentPostprocessing = 0;
		};
		90F526562B6AFFC300A27C7E /* Sources */ = {
			isa = PBXSourcesBuildPhase;
			buildActionMask = 2147483647;
			files = (
				90F5265F2B6AFFC300A27C7E /* CoolContactsTests.swift in Sources */,
			);
			runOnlyForDeploymentPostprocessing = 0;
		};
		90F526602B6AFFC300A27C7E /* Sources */ = {
			isa = PBXSourcesBuildPhase;
			buildActionMask = 2147483647;
			files = (
				90F5266B2B6AFFC300A27C7E /* CoolContactsUITestsLaunchTests.swift in Sources */,
				90F526692B6AFFC300A27C7E /* CoolContactsUITests.swift in Sources */,
			);
			runOnlyForDeploymentPostprocessing = 0;
		};
/* End PBXSourcesBuildPhase section */

/* Begin PBXTargetDependency section */
		90F5265C2B6AFFC300A27C7E /* PBXTargetDependency */ = {
			isa = PBXTargetDependency;
			target = 90F526492B6AFFC000A27C7E /* CoolContacts */;
			targetProxy = 90F5265B2B6AFFC300A27C7E /* PBXContainerItemProxy */;
		};
		90F526662B6AFFC300A27C7E /* PBXTargetDependency */ = {
			isa = PBXTargetDependency;
			target = 90F526492B6AFFC000A27C7E /* CoolContacts */;
			targetProxy = 90F526652B6AFFC300A27C7E /* PBXContainerItemProxy */;
		};
/* End PBXTargetDependency section */

/* Begin XCBuildConfiguration section */
		90F5266C2B6AFFC300A27C7E /* Debug */ = {
			isa = XCBuildConfiguration;
			buildSettings = {
				ALWAYS_SEARCH_USER_PATHS = NO;
				ASSETCATALOG_COMPILER_GENERATE_SWIFT_ASSET_SYMBOL_EXTENSIONS = YES;
				CLANG_ANALYZER_NONNULL = YES;
				CLANG_ANALYZER_NUMBER_OBJECT_CONVERSION = YES_AGGRESSIVE;
				CLANG_CXX_LANGUAGE_STANDARD = "gnu++20";
				CLANG_ENABLE_MODULES = YES;
				CLANG_ENABLE_OBJC_ARC = YES;
				CLANG_ENABLE_OBJC_WEAK = YES;
				CLANG_WARN_BLOCK_CAPTURE_AUTORELEASING = YES;
				CLANG_WARN_BOOL_CONVERSION = YES;
				CLANG_WARN_COMMA = YES;
				CLANG_WARN_CONSTANT_CONVERSION = YES;
				CLANG_WARN_DEPRECATED_OBJC_IMPLEMENTATIONS = YES;
				CLANG_WARN_DIRECT_OBJC_ISA_USAGE = YES_ERROR;
				CLANG_WARN_DOCUMENTATION_COMMENTS = YES;
				CLANG_WARN_EMPTY_BODY = YES;
				CLANG_WARN_ENUM_CONVERSION = YES;
				CLANG_WARN_INFINITE_RECURSION = YES;
				CLANG_WARN_INT_CONVERSION = YES;
				CLANG_WARN_NON_LITERAL_NULL_CONVERSION = YES;
				CLANG_WARN_OBJC_IMPLICIT_RETAIN_SELF = YES;
				CLANG_WARN_OBJC_LITERAL_CONVERSION = YES;
				CLANG_WARN_OBJC_ROOT_CLASS = YES_ERROR;
				CLANG_WARN_QUOTED_INCLUDE_IN_FRAMEWORK_HEADER = YES;
				CLANG_WARN_RANGE_LOOP_ANALYSIS = YES;
				CLANG_WARN_STRICT_PROTOTYPES = YES;
				CLANG_WARN_SUSPICIOUS_MOVE = YES;
				CLANG_WARN_UNGUARDED_AVAILABILITY = YES_AGGRESSIVE;
				CLANG_WARN_UNREACHABLE_CODE = YES;
				CLANG_WARN__DUPLICATE_METHOD_MATCH = YES;
				COPY_PHASE_STRIP = NO;
				DEBUG_INFORMATION_FORMAT = dwarf;
				ENABLE_STRICT_OBJC_MSGSEND = YES;
				ENABLE_TESTABILITY = YES;
				ENABLE_USER_SCRIPT_SANDBOXING = YES;
				GCC_C_LANGUAGE_STANDARD = gnu17;
				GCC_DYNAMIC_NO_PIC = NO;
				GCC_NO_COMMON_BLOCKS = YES;
				GCC_OPTIMIZATION_LEVEL = 0;
				GCC_PREPROCESSOR_DEFINITIONS = (
					"DEBUG=1",
					"$(inherited)",
				);
				GCC_WARN_64_TO_32_BIT_CONVERSION = YES;
				GCC_WARN_ABOUT_RETURN_TYPE = YES_ERROR;
				GCC_WARN_UNDECLARED_SELECTOR = YES;
				GCC_WARN_UNINITIALIZED_AUTOS = YES_AGGRESSIVE;
				GCC_WARN_UNUSED_FUNCTION = YES;
				GCC_WARN_UNUSED_VARIABLE = YES;
				IPHONEOS_DEPLOYMENT_TARGET = 17.2;
				LOCALIZATION_PREFERS_STRING_CATALOGS = YES;
				MTL_ENABLE_DEBUG_INFO = INCLUDE_SOURCE;
				MTL_FAST_MATH = YES;
				ONLY_ACTIVE_ARCH = YES;
				SDKROOT = iphoneos;
				SWIFT_ACTIVE_COMPILATION_CONDITIONS = "DEBUG $(inherited)";
				SWIFT_OPTIMIZATION_LEVEL = "-Onone";
			};
			name = Debug;
		};
		90F5266D2B6AFFC300A27C7E /* Release */ = {
			isa = XCBuildConfiguration;
			buildSettings = {
				ALWAYS_SEARCH_USER_PATHS = NO;
				ASSETCATALOG_COMPILER_GENERATE_SWIFT_ASSET_SYMBOL_EXTENSIONS = YES;
				CLANG_ANALYZER_NONNULL = YES;
				CLANG_ANALYZER_NUMBER_OBJECT_CONVERSION = YES_AGGRESSIVE;
				CLANG_CXX_LANGUAGE_STANDARD = "gnu++20";
				CLANG_ENABLE_MODULES = YES;
				CLANG_ENABLE_OBJC_ARC = YES;
				CLANG_ENABLE_OBJC_WEAK = YES;
				CLANG_WARN_BLOCK_CAPTURE_AUTORELEASING = YES;
				CLANG_WARN_BOOL_CONVERSION = YES;
				CLANG_WARN_COMMA = YES;
				CLANG_WARN_CONSTANT_CONVERSION = YES;
				CLANG_WARN_DEPRECATED_OBJC_IMPLEMENTATIONS = YES;
				CLANG_WARN_DIRECT_OBJC_ISA_USAGE = YES_ERROR;
				CLANG_WARN_DOCUMENTATION_COMMENTS = YES;
				CLANG_WARN_EMPTY_BODY = YES;
				CLANG_WARN_ENUM_CONVERSION = YES;
				CLANG_WARN_INFINITE_RECURSION = YES;
				CLANG_WARN_INT_CONVERSION = YES;
				CLANG_WARN_NON_LITERAL_NULL_CONVERSION = YES;
				CLANG_WARN_OBJC_IMPLICIT_RETAIN_SELF = YES;
				CLANG_WARN_OBJC_LITERAL_CONVERSION = YES;
				CLANG_WARN_OBJC_ROOT_CLASS = YES_ERROR;
				CLANG_WARN_QUOTED_INCLUDE_IN_FRAMEWORK_HEADER = YES;
				CLANG_WARN_RANGE_LOOP_ANALYSIS = YES;
				CLANG_WARN_STRICT_PROTOTYPES = YES;
				CLANG_WARN_SUSPICIOUS_MOVE = YES;
				CLANG_WARN_UNGUARDED_AVAILABILITY = YES_AGGRESSIVE;
				CLANG_WARN_UNREACHABLE_CODE = YES;
				CLANG_WARN__DUPLICATE_METHOD_MATCH = YES;
				COPY_PHASE_STRIP = NO;
				DEBUG_INFORMATION_FORMAT = "dwarf-with-dsym";
				ENABLE_NS_ASSERTIONS = NO;
				ENABLE_STRICT_OBJC_MSGSEND = YES;
				ENABLE_USER_SCRIPT_SANDBOXING = YES;
				GCC_C_LANGUAGE_STANDARD = gnu17;
				GCC_NO_COMMON_BLOCKS = YES;
				GCC_WARN_64_TO_32_BIT_CONVERSION = YES;
				GCC_WARN_ABOUT_RETURN_TYPE = YES_ERROR;
				GCC_WARN_UNDECLARED_SELECTOR = YES;
				GCC_WARN_UNINITIALIZED_AUTOS = YES_AGGRESSIVE;
				GCC_WARN_UNUSED_FUNCTION = YES;
				GCC_WARN_UNUSED_VARIABLE = YES;
				IPHONEOS_DEPLOYMENT_TARGET = 17.2;
				LOCALIZATION_PREFERS_STRING_CATALOGS = YES;
				MTL_ENABLE_DEBUG_INFO = NO;
				MTL_FAST_MATH = YES;
				SDKROOT = iphoneos;
				SWIFT_COMPILATION_MODE = wholemodule;
				VALIDATE_PRODUCT = YES;
			};
			name = Release;
		};
		90F5266F2B6AFFC300A27C7E /* Debug */ = {
			isa = XCBuildConfiguration;
			buildSettings = {
				ASSETCATALOG_COMPILER_APPICON_NAME = AppIcon;
				ASSETCATALOG_COMPILER_GLOBAL_ACCENT_COLOR_NAME = AccentColor;
				CODE_SIGN_STYLE = Automatic;
				CURRENT_PROJECT_VERSION = 1;
				DEVELOPMENT_ASSET_PATHS = "\"CoolContacts/Preview Content\"";
				DEVELOPMENT_TEAM = TWJ263959T;
				ENABLE_PREVIEWS = YES;
				GENERATE_INFOPLIST_FILE = YES;
				INFOPLIST_KEY_UIApplicationSceneManifest_Generation = YES;
				INFOPLIST_KEY_UIApplicationSupportsIndirectInputEvents = YES;
				INFOPLIST_KEY_UILaunchScreen_Generation = YES;
				INFOPLIST_KEY_UISupportedInterfaceOrientations_iPad = "UIInterfaceOrientationPortrait UIInterfaceOrientationPortraitUpsideDown UIInterfaceOrientationLandscapeLeft UIInterfaceOrientationLandscapeRight";
				INFOPLIST_KEY_UISupportedInterfaceOrientations_iPhone = "UIInterfaceOrientationPortrait UIInterfaceOrientationLandscapeLeft UIInterfaceOrientationLandscapeRight";
				LD_RUNPATH_SEARCH_PATHS = (
					"$(inherited)",
					"@executable_path/Frameworks",
				);
				MARKETING_VERSION = 1.0;
				PRODUCT_BUNDLE_IDENTIFIER = com.stixlee.CoolContacts;
				PRODUCT_NAME = "$(TARGET_NAME)";
				SWIFT_EMIT_LOC_STRINGS = YES;
				SWIFT_VERSION = 5.0;
				TARGETED_DEVICE_FAMILY = "1,2";
			};
			name = Debug;
		};
		90F526702B6AFFC300A27C7E /* Release */ = {
			isa = XCBuildConfiguration;
			buildSettings = {
				ASSETCATALOG_COMPILER_APPICON_NAME = AppIcon;
				ASSETCATALOG_COMPILER_GLOBAL_ACCENT_COLOR_NAME = AccentColor;
				CODE_SIGN_STYLE = Automatic;
				CURRENT_PROJECT_VERSION = 1;
				DEVELOPMENT_ASSET_PATHS = "\"CoolContacts/Preview Content\"";
				DEVELOPMENT_TEAM = TWJ263959T;
				ENABLE_PREVIEWS = YES;
				GENERATE_INFOPLIST_FILE = YES;
				INFOPLIST_KEY_UIApplicationSceneManifest_Generation = YES;
				INFOPLIST_KEY_UIApplicationSupportsIndirectInputEvents = YES;
				INFOPLIST_KEY_UILaunchScreen_Generation = YES;
				INFOPLIST_KEY_UISupportedInterfaceOrientations_iPad = "UIInterfaceOrientationPortrait UIInterfaceOrientationPortraitUpsideDown UIInterfaceOrientationLandscapeLeft UIInterfaceOrientationLandscapeRight";
				INFOPLIST_KEY_UISupportedInterfaceOrientations_iPhone = "UIInterfaceOrientationPortrait UIInterfaceOrientationLandscapeLeft UIInterfaceOrientationLandscapeRight";
				LD_RUNPATH_SEARCH_PATHS = (
					"$(inherited)",
					"@executable_path/Frameworks",
				);
				MARKETING_VERSION = 1.0;
				PRODUCT_BUNDLE_IDENTIFIER = com.stixlee.CoolContacts;
				PRODUCT_NAME = "$(TARGET_NAME)";
				SWIFT_EMIT_LOC_STRINGS = YES;
				SWIFT_VERSION = 5.0;
				TARGETED_DEVICE_FAMILY = "1,2";
			};
			name = Release;
		};
		90F526722B6AFFC300A27C7E /* Debug */ = {
			isa = XCBuildConfiguration;
			buildSettings = {
				ALWAYS_EMBED_SWIFT_STANDARD_LIBRARIES = YES;
				BUNDLE_LOADER = "$(TEST_HOST)";
				CODE_SIGN_STYLE = Automatic;
				CURRENT_PROJECT_VERSION = 1;
				DEVELOPMENT_TEAM = TWJ263959T;
				GENERATE_INFOPLIST_FILE = YES;
				IPHONEOS_DEPLOYMENT_TARGET = 17.2;
				MARKETING_VERSION = 1.0;
				PRODUCT_BUNDLE_IDENTIFIER = com.stixlee.CoolContactsTests;
				PRODUCT_NAME = "$(TARGET_NAME)";
				SWIFT_EMIT_LOC_STRINGS = NO;
				SWIFT_VERSION = 5.0;
				TARGETED_DEVICE_FAMILY = "1,2";
				TEST_HOST = "$(BUILT_PRODUCTS_DIR)/CoolContacts.app/$(BUNDLE_EXECUTABLE_FOLDER_PATH)/CoolContacts";
			};
			name = Debug;
		};
		90F526732B6AFFC300A27C7E /* Release */ = {
			isa = XCBuildConfiguration;
			buildSettings = {
				ALWAYS_EMBED_SWIFT_STANDARD_LIBRARIES = YES;
				BUNDLE_LOADER = "$(TEST_HOST)";
				CODE_SIGN_STYLE = Automatic;
				CURRENT_PROJECT_VERSION = 1;
				DEVELOPMENT_TEAM = TWJ263959T;
				GENERATE_INFOPLIST_FILE = YES;
				IPHONEOS_DEPLOYMENT_TARGET = 17.2;
				MARKETING_VERSION = 1.0;
				PRODUCT_BUNDLE_IDENTIFIER = com.stixlee.CoolContactsTests;
				PRODUCT_NAME = "$(TARGET_NAME)";
				SWIFT_EMIT_LOC_STRINGS = NO;
				SWIFT_VERSION = 5.0;
				TARGETED_DEVICE_FAMILY = "1,2";
				TEST_HOST = "$(BUILT_PRODUCTS_DIR)/CoolContacts.app/$(BUNDLE_EXECUTABLE_FOLDER_PATH)/CoolContacts";
			};
			name = Release;
		};
		90F526752B6AFFC300A27C7E /* Debug */ = {
			isa = XCBuildConfiguration;
			buildSettings = {
				ALWAYS_EMBED_SWIFT_STANDARD_LIBRARIES = YES;
				CODE_SIGN_STYLE = Automatic;
				CURRENT_PROJECT_VERSION = 1;
				DEVELOPMENT_TEAM = TWJ263959T;
				GENERATE_INFOPLIST_FILE = YES;
				MARKETING_VERSION = 1.0;
				PRODUCT_BUNDLE_IDENTIFIER = com.stixlee.CoolContactsUITests;
				PRODUCT_NAME = "$(TARGET_NAME)";
				SWIFT_EMIT_LOC_STRINGS = NO;
				SWIFT_VERSION = 5.0;
				TARGETED_DEVICE_FAMILY = "1,2";
				TEST_TARGET_NAME = CoolContacts;
			};
			name = Debug;
		};
		90F526762B6AFFC300A27C7E /* Release */ = {
			isa = XCBuildConfiguration;
			buildSettings = {
				ALWAYS_EMBED_SWIFT_STANDARD_LIBRARIES = YES;
				CODE_SIGN_STYLE = Automatic;
				CURRENT_PROJECT_VERSION = 1;
				DEVELOPMENT_TEAM = TWJ263959T;
				GENERATE_INFOPLIST_FILE = YES;
				MARKETING_VERSION = 1.0;
				PRODUCT_BUNDLE_IDENTIFIER = com.stixlee.CoolContactsUITests;
				PRODUCT_NAME = "$(TARGET_NAME)";
				SWIFT_EMIT_LOC_STRINGS = NO;
				SWIFT_VERSION = 5.0;
				TARGETED_DEVICE_FAMILY = "1,2";
				TEST_TARGET_NAME = CoolContacts;
			};
			name = Release;
		};
/* End XCBuildConfiguration section */

/* Begin XCConfigurationList section */
		90F526452B6AFFC000A27C7E /* Build configuration list for PBXProject "CoolContacts" */ = {
			isa = XCConfigurationList;
			buildConfigurations = (
				90F5266C2B6AFFC300A27C7E /* Debug */,
				90F5266D2B6AFFC300A27C7E /* Release */,
			);
			defaultConfigurationIsVisible = 0;
			defaultConfigurationName = Release;
		};
		90F5266E2B6AFFC300A27C7E /* Build configuration list for PBXNativeTarget "CoolContacts" */ = {
			isa = XCConfigurationList;
			buildConfigurations = (
				90F5266F2B6AFFC300A27C7E /* Debug */,
				90F526702B6AFFC300A27C7E /* Release */,
			);
			defaultConfigurationIsVisible = 0;
			defaultConfigurationName = Release;
		};
		90F526712B6AFFC300A27C7E /* Build configuration list for PBXNativeTarget "CoolContactsTests" */ = {
			isa = XCConfigurationList;
			buildConfigurations = (
				90F526722B6AFFC300A27C7E /* Debug */,
				90F526732B6AFFC300A27C7E /* Release */,
			);
			defaultConfigurationIsVisible = 0;
			defaultConfigurationName = Release;
		};
		90F526742B6AFFC300A27C7E /* Build configuration list for PBXNativeTarget "CoolContactsUITests" */ = {
			isa = XCConfigurationList;
			buildConfigurations = (
				90F526752B6AFFC300A27C7E /* Debug */,
				90F526762B6AFFC300A27C7E /* Release */,
			);
			defaultConfigurationIsVisible = 0;
			defaultConfigurationName = Release;
		};
/* End XCConfigurationList section */
	};
	rootObject = 90F526422B6AFFC000A27C7E /* Project object */;
}
