// !$*UTF8*$!
{
	archiveVersion = 1;
	classes = {
	};
	objectVersion = 56;
	objects = {

/* Begin PBXBuildFile section */
		90F5264E2B6AFFC000A27C7E /* CoolContactsApp.swift in Sources */ = {isa = PBXBuildFile; fileRef = 90F5264D2B6AFFC000A27C7E /* CoolContactsApp.swift */; };
		90F526502B6AFFC000A27C7E /* ContentView.swift in Sources */ = {isa = PBXBuildFile; fileRef = 90F5264F2B6AFFC000A27C7E /* ContentView.swift */; };
		90F526522B6AFFC300A27C7E /* Assets.xcassets in Resources */ = {isa = PBXBuildFile; fileRef = 90F526512B6AFFC300A27C7E /* Assets.xcassets */; };
		90F526552B6AFFC300A27C7E /* Preview Assets.xcassets in Resources */ = {isa = PBXBuildFile; fileRef = 90F526542B6AFFC300A27C7E /* Preview Assets.xcassets */; };
		90F5265F2B6AFFC300A27C7E /* CoolContactsTests.swift in Sources */ = {isa = PBXBuildFile; fileRef = 90F5265E2B6AFFC300A27C7E /* CoolContactsTests.swift */; };
		90F526692B6AFFC300A27C7E /* CoolContactsUITests.swift in Sources */ = {isa = PBXBuildFile; fileRef = 90F526682B6AFFC300A27C7E /* CoolContactsUITests.swift */; };
		90F5266B2B6AFFC300A27C7E /* CoolContactsUITestsLaunchTests.swift in Sources */ = {isa = PBXBuildFile; fileRef = 90F5266A2B6AFFC300A27C7E /* CoolContactsUITestsLaunchTests.swift */; };
/* End PBXBuildFile section */

/* Begin PBXContainerItemProxy section */
		90F5265B2B6AFFC300A27C7E /* PBXContainerItemProxy */ = {
			isa = PBXContainerItemProxy;
			containerPortal = 90F526422B6AFFC000A27C7E /* Project object */;
			proxyType = 1;
			remoteGlobalIDString = 90F526492B6AFFC000A27C7E;
			remoteInfo = CoolContacts;
		};
		90F526652B6AFFC300A27C7E /* PBXContainerItemProxy */ = {
			isa = PBXContainerItemProxy;
			containerPortal = 90F526422B6AFFC000A27C7E /* Project object */;
			proxyType = 1;
			remoteGlobalIDString = 90F526492B6AFFC000A27C7E;
			remoteInfo = CoolContacts;
		};
/* End PBXContainerItemProxy section */

/* Begin PBXFileReference section */
		90F5264A2B6AFFC000A27C7E /* CoolContacts.app */ = {isa = PBXFileReference; explicitFileType = wrapper.application; includeInIndex = 0; path = CoolContacts.app; sourceTree = BUILT_PRODUCTS_DIR; };
		90F5264D2B6AFFC000A27C7E /* CoolContactsApp.swift */ = {isa = PBXFileReference; lastKnownFileType = sourcecode.swift; path = CoolContactsApp.swift; sourceTree = "<group>"; };
		90F5264F2B6AFFC000A27C7E /* ContentView.swift */ = {isa = PBXFileReference; lastKnownFileType = sourcecode.swift; path = ContentView.swift; sourceTree = "<group>"; };
		90F526512B6AFFC300A27C7E /* Assets.xcassets */ = {isa = PBXFileReference; lastKnownFileType = folder.assetcatalog; path = Assets.xcassets; sourceTree = "<group>"; };
		90F526542B6AFFC300A27C7E /* Preview Assets.xcassets */ = {isa = PBXFileReference; lastKnownFileType = folder.assetcatalog; path = "Preview Assets.xcassets"; sourceTree = "<group>"; };
		90F5265A2B6AFFC300A27C7E /* CoolContactsTests.xctest */ = {isa = PBXFileReference; explicitFileType = wrapper.cfbundle; includeInIndex = 0; path = CoolContactsTests.xctest; sourceTree = BUILT_PRODUCTS_DIR; };
		90F5265E2B6AFFC300A27C7E /* CoolContactsTests.swift */ = {isa = PBXFileReference; lastKnownFileType = sourcecode.swift; path = CoolContactsTests.swift; sourceTree = "<group>"; };
		90F526642B6AFFC300A27C7E /* CoolContactsUITests.xctest */ = {isa = PBXFileReference; explicitFileType = wrapper.cfbundle; includeInIndex = 0; path = CoolContactsUITests.xctest; sourceTree = BUILT_PRODUCTS_DIR; };
		90F526682B6AFFC300A27C7E /* CoolContactsUITests.swift */ = {isa = PBXFileReference; lastKnownFileType = sourcecode.swift; path = CoolContactsUITests.swift; sourceTree = "<group>"; };
		90F5266A2B6AFFC300A27C7E /* CoolContactsUITestsLaunchTests.swift */ = {isa = PBXFileReference; lastKnownFileType = sourcecode.swift; path = CoolContactsUITestsLaunchTests.swift; sourceTree = "<group>"; };
/* End PBXFileReference section */

/* Begin PBXFrameworksBuildPhase section */
		90F526472B6AFFC000A27C7E /* Frameworks */ = {
			isa = PBXFrameworksBuildPhase;
			buildActionMask = 2147483647;
			files = (
			);
			runOnlyForDeploymentPostprocessing = 0;
		};
		90F526572B6AFFC300A27C7E /* Frameworks */ = {
			isa = PBXFrameworksBuildPhase;
			buildActionMask = 2147483647;
			files = (
			);
			runOnlyForDeploymentPostprocessing = 0;
		};
		90F526612B6AFFC300A27C7E /* Frameworks */ = {
			isa = PBXFrameworksBuildPhase;
			buildActionMask = 2147483647;
			files = (
			);
			runOnlyForDeploymentPostprocessing = 0;
		};
/* End PBXFrameworksBuildPhase section */

/* Begin PBXGroup section */
		90F526412B6AFFC000A27C7E = {
			isa = PBXGroup;
			children = (
				90F5264C2B6AFFC000A27C7E /* CoolContacts */,
				90F5265D2B6AFFC300A27C7E /* CoolContactsTests */,
				90F526672B6AFFC300A27C7E /* CoolContactsUITests */,
				90F5264B2B6AFFC000A27C7E /* Products */,
			);
			sourceTree = "<group>";
		};
		90F5264B2B6AFFC000A27C7E /* Products */ = {
			isa = PBXGroup;
			children = (
				90F5264A2B6AFFC000A27C7E /* CoolContacts.app */,
				90F5265A2B6AFFC300A27C7E /* CoolContactsTests.xctest */,
				90F526642B6AFFC300A27C7E /* CoolContactsUITests.xctest */,
			);
			name = Products;
			sourceTree = "<group>";
		};
		90F5264C2B6AFFC000A27C7E /* CoolContacts */ = {
			isa = PBXGroup;
			children = (
				90F5264D2B6AFFC000A27C7E /* CoolContactsApp.swift */,
				90F5264F2B6AFFC000A27C7E /* ContentView.swift */,
				90F526512B6AFFC300A27C7E /* Assets.xcassets */,
				90F526532B6AFFC300A27C7E /* Preview Content */,
			);
			path = CoolContacts;
			sourceTree = "<group>";
		};
		90F526532B6AFFC300A27C7E /* Preview Content */ = {
			isa = PBXGroup;
			children = (
				90F526542B6AFFC300A27C7E /* Preview Assets.xcassets */,
			);
			path = "Preview Content";
			sourceTree = "<group>";
		};
		90F5265D2B6AFFC300A27C7E /* CoolContactsTests */ = {
			isa = PBXGroup;
			children = (
				90F5265E2B6AFFC300A27C7E /* CoolContactsTests.swift */,
			);
			path = CoolContactsTests;
			sourceTree = "<group>";
		};
		90F526672B6AFFC300A27C7E /* CoolContactsUITests */ = {
			isa = PBXGroup;
			children = (
				90F526682B6AFFC300A27C7E /* CoolContactsUITests.swift */,
				90F5266A2B6AFFC300A27C7E /* CoolContactsUITestsLaunchTests.swift */,
			);
			path = CoolContactsUITests;
			sourceTree = "<group>";
		};
/* End PBXGroup section */

/* Begin PBXNativeTarget section */
		90F526492B6AFFC000A27C7E /* CoolContacts */ = {
			isa = PBXNativeTarget;
			buildConfigurationList = 90F5266E2B6AFFC300A27C7E /* Build configuration list for PBXNativeTarget "CoolContacts" */;
			buildPhases = (
				90F526462B6AFFC000A27C7E /* Sources */,
				90F526472B6AFFC000A27C7E /* Frameworks */,
				90F526482B6AFFC000A27C7E /* Resources */,
			);
			buildRules = (
			);
			dependencies = (
			);
			name = CoolContacts;
			productName = CoolContacts;
			productReference = 90F5264A2B6AFFC000A27C7E /* CoolContacts.app */;
			productType = "com.apple.product-type.application";
		};
		90F526592B6AFFC300A27C7E /* CoolContactsTests */ = {
			isa = PBXNativeTarget;
			buildConfigurationList = 90F526712B6AFFC300A27C7E /* Build configuration list for PBXNativeTarget "CoolContactsTests" */;
			buildPhases = (
				90F526562B6AFFC300A27C7E /* Sources */,
				90F526572B6AFFC300A27C7E /* Frameworks */,
				90F526582B6AFFC300A27C7E /* Resources */,
			);
			buildRules = (
			);
			dependencies = (
				90F5265C2B6AFFC300A27C7E /* PBXTargetDependency */,
			);
			name = CoolContactsTests;
			productName = CoolContactsTests;
			productReference = 90F5265A2B6AFFC300A27C7E /* CoolContactsTests.xctest */;
			productType = "com.apple.product-type.bundle.unit-test";
		};
		90F526632B6AFFC300A27C7E /* CoolContactsUITests */ = {
			isa = PBXNativeTarget;
			buildConfigurationList = 90F526742B6AFFC300A27C7E /* Build configuration list for PBXNativeTarget "CoolContactsUITests" */;
			buildPhases = (
				90F526602B6AFFC300A27C7E /* Sources */,
				90F526612B6AFFC300A27C7E /* Frameworks */,
				90F526622B6AFFC300A27C7E /* Resources */,
			);
			buildRules = (
			);
			dependencies = (
				90F526662B6AFFC300A27C7E /* PBXTargetDependency */,
			);
			name = CoolContactsUITests;
			productName = CoolContactsUITests;
			productReference = 90F526642B6AFFC300A27C7E /* CoolContactsUITests.xctest */;
			productType = "com.apple.product-type.bundle.ui-testing";
		};
/* End PBXNativeTarget section */

/* Begin PBXProject section */
		90F526422B6AFFC000A27C7E /* Project object */ = {
			isa = PBXProject;
			attributes = {
				BuildIndependentTargetsInParallel = 1;
				LastSwiftUpdateCheck = 1520;
				LastUpgradeCheck = 1520;
				TargetAttributes = {
					90F526492B6AFFC000A27C7E = {
						CreatedOnToolsVersion = 15.2;
					};
					90F526592B6AFFC300A27C7E = {
						CreatedOnToolsVersion = 15.2;
						TestTargetID = 90F526492B6AFFC000A27C7E;
					};
					90F526632B6AFFC300A27C7E = {
						CreatedOnToolsVersion = 15.2;
						TestTargetID = 90F526492B6AFFC000A27C7E;
					};
				};
			};
			buildConfigurationList = 90F526452B6AFFC000A27C7E /* Build configuration list for PBXProject "CoolContacts" */;
			compatibilityVersion = "Xcode 14.0";
			developmentRegion = en;
			hasScannedForEncodings = 0;
			knownRegions = (
				en,
				Base,
			);
			mainGroup = 90F526412B6AFFC000A27C7E;
			productRefGroup = 90F5264B2B6AFFC000A27C7E /* Products */;
			projectDirPath = "";
			projectRoot = "";
			targets = (
				90F526492B6AFFC000A27C7E /* CoolContacts */,
				90F526592B6AFFC300A27C7E /* CoolContactsTests */,
				90F526632B6AFFC300A27C7E /* CoolContactsUITests */,
			);
		};
/* End PBXProject section */

/* Begin PBXResourcesBuildPhase section */
		90F526482B6AFFC000A27C7E /* Resources */ = {
			isa = PBXResourcesBuildPhase;
			buildActionMask = 2147483647;
			files = (
				90F526552B6AFFC300A27C7E /* Preview Assets.xcassets in Resources */,
				90F526522B6AFFC300A27C7E /* Assets.xcassets in Resources */,
			);
			runOnlyForDeploymentPostprocessing = 0;
		};
		90F526582B6AFFC300A27C7E /* Resources */ = {
			isa = PBXResourcesBuildPhase;
			buildActionMask = 2147483647;
			files = (
			);
			runOnlyForDeploymentPostprocessing = 0;
		};
		90F526622B6AFFC300A27C7E /* Resources */ = {
			isa = PBXResourcesBuildPhase;
			buildActionMask = 2147483647;
			files = (
			);
			runOnlyForDeploymentPostprocessing = 0;
		};
/* End PBXResourcesBuildPhase section */

/* Begin PBXSourcesBuildPhase section */
		90F526462B6AFFC000A27C7E /* Sources */ = {
			isa = PBXSourcesBuildPhase;
			buildActionMask = 2147483647;
			files = (
				90F526502B6AFFC000A27C7E /* ContentView.swift in Sources */,
				90F5264E2B6AFFC000A27C7E /* CoolContactsApp.swift in Sources */,
			);
			runOnlyForDeploymentPostprocessing = 0;
		};
		90F526562B6AFFC300A27C7E /* Sources */ = {
			isa = PBXSourcesBuildPhase;
			buildActionMask = 2147483647;
			files = (
				90F5265F2B6AFFC300A27C7E /* CoolContactsTests.swift in Sources */,
			);
			runOnlyForDeploymentPostprocessing = 0;
		};
		90F526602B6AFFC300A27C7E /* Sources */ = {
			isa = PBXSourcesBuildPhase;
			buildActionMask = 2147483647;
			files = (
				90F5266B2B6AFFC300A27C7E /* CoolContactsUITestsLaunchTests.swift in Sources */,
				90F526692B6AFFC300A27C7E /* CoolContactsUITests.swift in Sources */,
			);
			runOnlyForDeploymentPostprocessing = 0;
		};
/* End PBXSourcesBuildPhase section */

/* Begin PBXTargetDependency section */
		90F5265C2B6AFFC300A27C7E /* PBXTargetDependency */ = {
			isa = PBXTargetDependency;
			target = 90F526492B6AFFC000A27C7E /* CoolContacts */;
			targetProxy = 90F5265B2B6AFFC300A27C7E /* PBXContainerItemProxy */;
		};
		90F526662B6AFFC300A27C7E /* PBXTargetDependency */ = {
			isa = PBXTargetDependency;
			target = 90F526492B6AFFC000A27C7E /* CoolContacts */;
			targetProxy = 90F526652B6AFFC300A27C7E /* PBXContainerItemProxy */;
		};
/* End PBXTargetDependency section */

/* Begin XCBuildConfiguration section */
		90F5266C2B6AFFC300A27C7E /* Debug */ = {
			isa = XCBuildConfiguration;
			buildSettings = {
				ALWAYS_SEARCH_USER_PATHS = NO;
				ASSETCATALOG_COMPILER_GENERATE_SWIFT_ASSET_SYMBOL_EXTENSIONS = YES;
				CLANG_ANALYZER_NONNULL = YES;
				CLANG_ANALYZER_NUMBER_OBJECT_CONVERSION = YES_AGGRESSIVE;
				CLANG_CXX_LANGUAGE_STANDARD = "gnu++20";
				CLANG_ENABLE_MODULES = YES;
				CLANG_ENABLE_OBJC_ARC = YES;
				CLANG_ENABLE_OBJC_WEAK = YES;
				CLANG_WARN_BLOCK_CAPTURE_AUTORELEASING = YES;
				CLANG_WARN_BOOL_CONVERSION = YES;
				CLANG_WARN_COMMA = YES;
				CLANG_WARN_CONSTANT_CONVERSION = YES;
				CLANG_WARN_DEPRECATED_OBJC_IMPLEMENTATIONS = YES;
				CLANG_WARN_DIRECT_OBJC_ISA_USAGE = YES_ERROR;
				CLANG_WARN_DOCUMENTATION_COMMENTS = YES;
				CLANG_WARN_EMPTY_BODY = YES;
				CLANG_WARN_ENUM_CONVERSION = YES;
				CLANG_WARN_INFINITE_RECURSION = YES;
				CLANG_WARN_INT_CONVERSION = YES;
				CLANG_WARN_NON_LITERAL_NULL_CONVERSION = YES;
				CLANG_WARN_OBJC_IMPLICIT_RETAIN_SELF = YES;
				CLANG_WARN_OBJC_LITERAL_CONVERSION = YES;
				CLANG_WARN_OBJC_ROOT_CLASS = YES_ERROR;
				CLANG_WARN_QUOTED_INCLUDE_IN_FRAMEWORK_HEADER = YES;
				CLANG_WARN_RANGE_LOOP_ANALYSIS = YES;
				CLANG_WARN_STRICT_PROTOTYPES = YES;
				CLANG_WARN_SUSPICIOUS_MOVE = YES;
				CLANG_WARN_UNGUARDED_AVAILABILITY = YES_AGGRESSIVE;
				CLANG_WARN_UNREACHABLE_CODE = YES;
				CLANG_WARN__DUPLICATE_METHOD_MATCH = YES;
				COPY_PHASE_STRIP = NO;
				DEBUG_INFORMATION_FORMAT = dwarf;
				ENABLE_STRICT_OBJC_MSGSEND = YES;
				ENABLE_TESTABILITY = YES;
				ENABLE_USER_SCRIPT_SANDBOXING = YES;
				GCC_C_LANGUAGE_STANDARD = gnu17;
				GCC_DYNAMIC_NO_PIC = NO;
				GCC_NO_COMMON_BLOCKS = YES;
				GCC_OPTIMIZATION_LEVEL = 0;
				GCC_PREPROCESSOR_DEFINITIONS = (
					"DEBUG=1",
					"$(inherited)",
				);
				GCC_WARN_64_TO_32_BIT_CONVERSION = YES;
				GCC_WARN_ABOUT_RETURN_TYPE = YES_ERROR;
				GCC_WARN_UNDECLARED_SELECTOR = YES;
				GCC_WARN_UNINITIALIZED_AUTOS = YES_AGGRESSIVE;
				GCC_WARN_UNUSED_FUNCTION = YES;
				GCC_WARN_UNUSED_VARIABLE = YES;
				IPHONEOS_DEPLOYMENT_TARGET = 17.2;
				LOCALIZATION_PREFERS_STRING_CATALOGS = YES;
				MTL_ENABLE_DEBUG_INFO = INCLUDE_SOURCE;
				MTL_FAST_MATH = YES;
				ONLY_ACTIVE_ARCH = YES;
				SDKROOT = iphoneos;
				SWIFT_ACTIVE_COMPILATION_CONDITIONS = "DEBUG $(inherited)";
				SWIFT_OPTIMIZATION_LEVEL = "-Onone";
			};
			name = Debug;
		};
		90F5266D2B6AFFC300A27C7E /* Release */ = {
			isa = XCBuildConfiguration;
			buildSettings = {
				ALWAYS_SEARCH_USER_PATHS = NO;
				ASSETCATALOG_COMPILER_GENERATE_SWIFT_ASSET_SYMBOL_EXTENSIONS = YES;
				CLANG_ANALYZER_NONNULL = YES;
				CLANG_ANALYZER_NUMBER_OBJECT_CONVERSION = YES_AGGRESSIVE;
				CLANG_CXX_LANGUAGE_STANDARD = "gnu++20";
				CLANG_ENABLE_MODULES = YES;
				CLANG_ENABLE_OBJC_ARC = YES;
				CLANG_ENABLE_OBJC_WEAK = YES;
				CLANG_WARN_BLOCK_CAPTURE_AUTORELEASING = YES;
				CLANG_WARN_BOOL_CONVERSION = YES;
				CLANG_WARN_COMMA = YES;
				CLANG_WARN_CONSTANT_CONVERSION = YES;
				CLANG_WARN_DEPRECATED_OBJC_IMPLEMENTATIONS = YES;
				CLANG_WARN_DIRECT_OBJC_ISA_USAGE = YES_ERROR;
				CLANG_WARN_DOCUMENTATION_COMMENTS = YES;
				CLANG_WARN_EMPTY_BODY = YES;
				CLANG_WARN_ENUM_CONVERSION = YES;
				CLANG_WARN_INFINITE_RECURSION = YES;
				CLANG_WARN_INT_CONVERSION = YES;
				CLANG_WARN_NON_LITERAL_NULL_CONVERSION = YES;
				CLANG_WARN_OBJC_IMPLICIT_RETAIN_SELF = YES;
				CLANG_WARN_OBJC_LITERAL_CONVERSION = YES;
				CLANG_WARN_OBJC_ROOT_CLASS = YES_ERROR;
				CLANG_WARN_QUOTED_INCLUDE_IN_FRAMEWORK_HEADER = YES;
				CLANG_WARN_RANGE_LOOP_ANALYSIS = YES;
				CLANG_WARN_STRICT_PROTOTYPES = YES;
				CLANG_WARN_SUSPICIOUS_MOVE = YES;
				CLANG_WARN_UNGUARDED_AVAILABILITY = YES_AGGRESSIVE;
				CLANG_WARN_UNREACHABLE_CODE = YES;
				CLANG_WARN__DUPLICATE_METHOD_MATCH = YES;
				COPY_PHASE_STRIP = NO;
				DEBUG_INFORMATION_FORMAT = "dwarf-with-dsym";
				ENABLE_NS_ASSERTIONS = NO;
				ENABLE_STRICT_OBJC_MSGSEND = YES;
				ENABLE_USER_SCRIPT_SANDBOXING = YES;
				GCC_C_LANGUAGE_STANDARD = gnu17;
				GCC_NO_COMMON_BLOCKS = YES;
				GCC_WARN_64_TO_32_BIT_CONVERSION = YES;
				GCC_WARN_ABOUT_RETURN_TYPE = YES_ERROR;
				GCC_WARN_UNDECLARED_SELECTOR = YES;
				GCC_WARN_UNINITIALIZED_AUTOS = YES_AGGRESSIVE;
				GCC_WARN_UNUSED_FUNCTION = YES;
				GCC_WARN_UNUSED_VARIABLE = YES;
				IPHONEOS_DEPLOYMENT_TARGET = 17.2;
				LOCALIZATION_PREFERS_STRING_CATALOGS = YES;
				MTL_ENABLE_DEBUG_INFO = NO;
				MTL_FAST_MATH = YES;
				SDKROOT = iphoneos;
				SWIFT_COMPILATION_MODE = wholemodule;
				VALIDATE_PRODUCT = YES;
			};
			name = Release;
		};
		90F5266F2B6AFFC300A27C7E /* Debug */ = {
			isa = XCBuildConfiguration;
			buildSettings = {
				ASSETCATALOG_COMPILER_APPICON_NAME = AppIcon;
				ASSETCATALOG_COMPILER_GLOBAL_ACCENT_COLOR_NAME = AccentColor;
				CODE_SIGN_STYLE = Automatic;
				CURRENT_PROJECT_VERSION = 1;
				DEVELOPMENT_ASSET_PATHS = "\"CoolContacts/Preview Content\"";
				DEVELOPMENT_TEAM = TWJ263959T;
				ENABLE_PREVIEWS = YES;
				GENERATE_INFOPLIST_FILE = YES;
				INFOPLIST_KEY_UIApplicationSceneManifest_Generation = YES;
				INFOPLIST_KEY_UIApplicationSupportsIndirectInputEvents = YES;
				INFOPLIST_KEY_UILaunchScreen_Generation = YES;
				INFOPLIST_KEY_UISupportedInterfaceOrientations_iPad = "UIInterfaceOrientationPortrait UIInterfaceOrientationPortraitUpsideDown UIInterfaceOrientationLandscapeLeft UIInterfaceOrientationLandscapeRight";
				INFOPLIST_KEY_UISupportedInterfaceOrientations_iPhone = "UIInterfaceOrientationPortrait UIInterfaceOrientationLandscapeLeft UIInterfaceOrientationLandscapeRight";
				LD_RUNPATH_SEARCH_PATHS = (
					"$(inherited)",
					"@executable_path/Frameworks",
				);
				MARKETING_VERSION = 1.0;
				PRODUCT_BUNDLE_IDENTIFIER = com.stixlee.CoolContacts;
				PRODUCT_NAME = "$(TARGET_NAME)";
				SWIFT_EMIT_LOC_STRINGS = YES;
				SWIFT_VERSION = 5.0;
				TARGETED_DEVICE_FAMILY = "1,2";
			};
			name = Debug;
		};
		90F526702B6AFFC300A27C7E /* Release */ = {
			isa = XCBuildConfiguration;
			buildSettings = {
				ASSETCATALOG_COMPILER_APPICON_NAME = AppIcon;
				ASSETCATALOG_COMPILER_GLOBAL_ACCENT_COLOR_NAME = AccentColor;
				CODE_SIGN_STYLE = Automatic;
				CURRENT_PROJECT_VERSION = 1;
				DEVELOPMENT_ASSET_PATHS = "\"CoolContacts/Preview Content\"";
				DEVELOPMENT_TEAM = TWJ263959T;
				ENABLE_PREVIEWS = YES;
				GENERATE_INFOPLIST_FILE = YES;
				INFOPLIST_KEY_UIApplicationSceneManifest_Generation = YES;
				INFOPLIST_KEY_UIApplicationSupportsIndirectInputEvents = YES;
				INFOPLIST_KEY_UILaunchScreen_Generation = YES;
				INFOPLIST_KEY_UISupportedInterfaceOrientations_iPad = "UIInterfaceOrientationPortrait UIInterfaceOrientationPortraitUpsideDown UIInterfaceOrientationLandscapeLeft UIInterfaceOrientationLandscapeRight";
				INFOPLIST_KEY_UISupportedInterfaceOrientations_iPhone = "UIInterfaceOrientationPortrait UIInterfaceOrientationLandscapeLeft UIInterfaceOrientationLandscapeRight";
				LD_RUNPATH_SEARCH_PATHS = (
					"$(inherited)",
					"@executable_path/Frameworks",
				);
				MARKETING_VERSION = 1.0;
				PRODUCT_BUNDLE_IDENTIFIER = com.stixlee.CoolContacts;
				PRODUCT_NAME = "$(TARGET_NAME)";
				SWIFT_EMIT_LOC_STRINGS = YES;
				SWIFT_VERSION = 5.0;
				TARGETED_DEVICE_FAMILY = "1,2";
			};
			name = Release;
		};
		90F526722B6AFFC300A27C7E /* Debug */ = {
			isa = XCBuildConfiguration;
			buildSettings = {
				ALWAYS_EMBED_SWIFT_STANDARD_LIBRARIES = YES;
				BUNDLE_LOADER = "$(TEST_HOST)";
				CODE_SIGN_STYLE = Automatic;
				CURRENT_PROJECT_VERSION = 1;
				DEVELOPMENT_TEAM = TWJ263959T;
				GENERATE_INFOPLIST_FILE = YES;
				IPHONEOS_DEPLOYMENT_TARGET = 17.2;
				MARKETING_VERSION = 1.0;
				PRODUCT_BUNDLE_IDENTIFIER = com.stixlee.CoolContactsTests;
				PRODUCT_NAME = "$(TARGET_NAME)";
				SWIFT_EMIT_LOC_STRINGS = NO;
				SWIFT_VERSION = 5.0;
				TARGETED_DEVICE_FAMILY = "1,2";
				TEST_HOST = "$(BUILT_PRODUCTS_DIR)/CoolContacts.app/$(BUNDLE_EXECUTABLE_FOLDER_PATH)/CoolContacts";
			};
			name = Debug;
		};
		90F526732B6AFFC300A27C7E /* Release */ = {
			isa = XCBuildConfiguration;
			buildSettings = {
				ALWAYS_EMBED_SWIFT_STANDARD_LIBRARIES = YES;
				BUNDLE_LOADER = "$(TEST_HOST)";
				CODE_SIGN_STYLE = Automatic;
				CURRENT_PROJECT_VERSION = 1;
				DEVELOPMENT_TEAM = TWJ263959T;
				GENERATE_INFOPLIST_FILE = YES;
				IPHONEOS_DEPLOYMENT_TARGET = 17.2;
				MARKETING_VERSION = 1.0;
				PRODUCT_BUNDLE_IDENTIFIER = com.stixlee.CoolContactsTests;
				PRODUCT_NAME = "$(TARGET_NAME)";
				SWIFT_EMIT_LOC_STRINGS = NO;
				SWIFT_VERSION = 5.0;
				TARGETED_DEVICE_FAMILY = "1,2";
				TEST_HOST = "$(BUILT_PRODUCTS_DIR)/CoolContacts.app/$(BUNDLE_EXECUTABLE_FOLDER_PATH)/CoolContacts";
			};
			name = Release;
		};
		90F526752B6AFFC300A27C7E /* Debug */ = {
			isa = XCBuildConfiguration;
			buildSettings = {
				ALWAYS_EMBED_SWIFT_STANDARD_LIBRARIES = YES;
				CODE_SIGN_STYLE = Automatic;
				CURRENT_PROJECT_VERSION = 1;
				DEVELOPMENT_TEAM = TWJ263959T;
				GENERATE_INFOPLIST_FILE = YES;
				MARKETING_VERSION = 1.0;
				PRODUCT_BUNDLE_IDENTIFIER = com.stixlee.CoolContactsUITests;
				PRODUCT_NAME = "$(TARGET_NAME)";
				SWIFT_EMIT_LOC_STRINGS = NO;
				SWIFT_VERSION = 5.0;
				TARGETED_DEVICE_FAMILY = "1,2";
				TEST_TARGET_NAME = CoolContacts;
			};
			name = Debug;
		};
		90F526762B6AFFC300A27C7E /* Release */ = {
			isa = XCBuildConfiguration;
			buildSettings = {
				ALWAYS_EMBED_SWIFT_STANDARD_LIBRARIES = YES;
				CODE_SIGN_STYLE = Automatic;
				CURRENT_PROJECT_VERSION = 1;
				DEVELOPMENT_TEAM = TWJ263959T;
				GENERATE_INFOPLIST_FILE = YES;
				MARKETING_VERSION = 1.0;
				PRODUCT_BUNDLE_IDENTIFIER = com.stixlee.CoolContactsUITests;
				PRODUCT_NAME = "$(TARGET_NAME)";
				SWIFT_EMIT_LOC_STRINGS = NO;
				SWIFT_VERSION = 5.0;
				TARGETED_DEVICE_FAMILY = "1,2";
				TEST_TARGET_NAME = CoolContacts;
			};
			name = Release;
		};
/* End XCBuildConfiguration section */

/* Begin XCConfigurationList section */
		90F526452B6AFFC000A27C7E /* Build configuration list for PBXProject "CoolContacts" */ = {
			isa = XCConfigurationList;
			buildConfigurations = (
				90F5266C2B6AFFC300A27C7E /* Debug */,
				90F5266D2B6AFFC300A27C7E /* Release */,
			);
			defaultConfigurationIsVisible = 0;
			defaultConfigurationName = Release;
		};
		90F5266E2B6AFFC300A27C7E /* Build configuration list for PBXNativeTarget "CoolContacts" */ = {
			isa = XCConfigurationList;
			buildConfigurations = (
				90F5266F2B6AFFC300A27C7E /* Debug */,
				90F526702B6AFFC300A27C7E /* Release */,
			);
			defaultConfigurationIsVisible = 0;
			defaultConfigurationName = Release;
		};
		90F526712B6AFFC300A27C7E /* Build configuration list for PBXNativeTarget "CoolContactsTests" */ = {
			isa = XCConfigurationList;
			buildConfigurations = (
				90F526722B6AFFC300A27C7E /* Debug */,
				90F526732B6AFFC300A27C7E /* Release */,
			);
			defaultConfigurationIsVisible = 0;
			defaultConfigurationName = Release;
		};
		90F526742B6AFFC300A27C7E /* Build configuration list for PBXNativeTarget "CoolContactsUITests" */ = {
			isa = XCConfigurationList;
			buildConfigurations = (
				90F526752B6AFFC300A27C7E /* Debug */,
				90F526762B6AFFC300A27C7E /* Release */,
			);
			defaultConfigurationIsVisible = 0;
			defaultConfigurationName = Release;
		};
/* End XCConfigurationList section */
	};
	rootObject = 90F526422B6AFFC000A27C7E /* Project object */;
}
